
Microsoft Visual Studio Solution File, Format Version 12.00
# Visual Studio Version 17
VisualStudioVersion = 17.3.32819.101
MinimumVisualStudioVersion = 10.0.40219.1
Project("{FAE04EC0-301F-11D3-BF4B-00C04F79EFBC}") = "LayeredCRUD", "LayeredCRUD\LayeredCRUD.csproj", "{0E684356-A72F-48C3-B101-52B27AD0BA5D}"
EndProject
Global
	GlobalSection(SolutionConfigurationPlatforms) = preSolution
		Debug|Any CPU = Debug|Any CPU
		Release|Any CPU = Release|Any CPU
	EndGlobalSection
	GlobalSection(ProjectConfigurationPlatforms) = postSolution
		{0E684356-A72F-48C3-B101-52B27AD0BA5D}.Debug|Any CPU.ActiveCfg = Debug|Any CPU
		{0E684356-A72F-48C3-B101-52B27AD0BA5D}.Debug|Any CPU.Build.0 = Debug|Any CPU
		{0E684356-A72F-48C3-B101-52B27AD0BA5D}.Release|Any CPU.ActiveCfg = Release|Any CPU
		{0E684356-A72F-48C3-B101-52B27AD0BA5D}.Release|Any CPU.Build.0 = Release|Any CPU
	EndGlobalSection
	GlobalSection(SolutionProperties) = preSolution
		HideSolutionNode = FALSE
	EndGlobalSection
	GlobalSection(ExtensibilityGlobals) = postSolution
		SolutionGuid = {BF5B5704-9BA5-4618-AB9A-24A5421B392D}
	EndGlobalSection
EndGlobal
